// !$*UTF8*$!
{
	archiveVersion = 1;
	classes = {
	};
	objectVersion = 46;
	objects = {

/* Begin PBXBuildFile section */
		1BFD4CF81D3CCC3100ABE8E6 /* main.m in Sources */ = {isa = PBXBuildFile; fileRef = 1BFD4CF71D3CCC3100ABE8E6 /* main.m */; };
		1BFD4CFB1D3CCC3100ABE8E6 /* AppDelegate.m in Sources */ = {isa = PBXBuildFile; fileRef = 1BFD4CFA1D3CCC3100ABE8E6 /* AppDelegate.m */; };
		1BFD4D111D3CCC3100ABE8E6 /* BrickManTests.m in Sources */ = {isa = PBXBuildFile; fileRef = 1BFD4D101D3CCC3100ABE8E6 /* BrickManTests.m */; };
		1BFD4D1C1D3CCC3100ABE8E6 /* BrickManUITests.m in Sources */ = {isa = PBXBuildFile; fileRef = 1BFD4D1B1D3CCC3100ABE8E6 /* BrickManUITests.m */; };
		1BFD4D321D3CD02500ABE8E6 /* RootTabBarController.m in Sources */ = {isa = PBXBuildFile; fileRef = 1BFD4D311D3CD02500ABE8E6 /* RootTabBarController.m */; };
		1BFD4D3D1D3CD0B500ABE8E6 /* MainViewController.m in Sources */ = {isa = PBXBuildFile; fileRef = 1BFD4D3C1D3CD0B500ABE8E6 /* MainViewController.m */; };
		1BFD4D401D3CD0BF00ABE8E6 /* PublishViewController.m in Sources */ = {isa = PBXBuildFile; fileRef = 1BFD4D3F1D3CD0BF00ABE8E6 /* PublishViewController.m */; };
		1BFD4D431D3CD0F100ABE8E6 /* MineViewController.m in Sources */ = {isa = PBXBuildFile; fileRef = 1BFD4D421D3CD0F100ABE8E6 /* MineViewController.m */; };
		302D99F91D3DF34400F295A0 /* BrickManNetClient.m in Sources */ = {isa = PBXBuildFile; fileRef = 302D99F81D3DF34400F295A0 /* BrickManNetClient.m */; };
		302D99FC1D3DF45C00F295A0 /* NSObject+Common.m in Sources */ = {isa = PBXBuildFile; fileRef = 302D99FB1D3DF45C00F295A0 /* NSObject+Common.m */; };
		302D99FF1D3E058700F295A0 /* BrickManAPIManager.m in Sources */ = {isa = PBXBuildFile; fileRef = 302D99FE1D3E058700F295A0 /* BrickManAPIManager.m */; };
		302D9A021D3E069800F295A0 /* BaseNavigationController.m in Sources */ = {isa = PBXBuildFile; fileRef = 302D9A011D3E069800F295A0 /* BaseNavigationController.m */; };
		303529C51D4862AC00CFDD77 /* CommentInputView.m in Sources */ = {isa = PBXBuildFile; fileRef = 303529C41D4862AC00CFDD77 /* CommentInputView.m */; };
		303529C81D4862BD00CFDD77 /* ShareView.m in Sources */ = {isa = PBXBuildFile; fileRef = 303529C71D4862BD00CFDD77 /* ShareView.m */; };
		303529CF1D48766200CFDD77 /* UIPlaceHolderTextView.m in Sources */ = {isa = PBXBuildFile; fileRef = 303529CE1D48766200CFDD77 /* UIPlaceHolderTextView.m */; };
		30721A851D3E587A00D54E09 /* UITableView+Common.m in Sources */ = {isa = PBXBuildFile; fileRef = 30721A841D3E587A00D54E09 /* UITableView+Common.m */; };
		30C5BADB1D406008001DF9D2 /* Mine_headerCell.m in Sources */ = {isa = PBXBuildFile; fileRef = 30C5BAD81D406008001DF9D2 /* Mine_headerCell.m */; };
		30C5BADC1D406008001DF9D2 /* Mine_titleCell.m in Sources */ = {isa = PBXBuildFile; fileRef = 30C5BADA1D406008001DF9D2 /* Mine_titleCell.m */; };
		30C5BAE61D40655E001DF9D2 /* UILabel+Common.m in Sources */ = {isa = PBXBuildFile; fileRef = 30C5BAE51D40655E001DF9D2 /* UILabel+Common.m */; };
		30C5BAE91D406594001DF9D2 /* NSString+Common.m in Sources */ = {isa = PBXBuildFile; fileRef = 30C5BAE81D406594001DF9D2 /* NSString+Common.m */; };
		30C5BB101D408250001DF9D2 /* iCarousel.m in Sources */ = {isa = PBXBuildFile; fileRef = 30C5BB0F1D408250001DF9D2 /* iCarousel.m */; };
		30C5BB141D40837E001DF9D2 /* XTSegmentControl.m in Sources */ = {isa = PBXBuildFile; fileRef = 30C5BB131D40837E001DF9D2 /* XTSegmentControl.m */; };
		30C5BB1A1D4084A1001DF9D2 /* UIColor+expanded.m in Sources */ = {isa = PBXBuildFile; fileRef = 30C5BB191D4084A1001DF9D2 /* UIColor+expanded.m */; };
		30C5BB1D1D408A20001DF9D2 /* BrickListView.m in Sources */ = {isa = PBXBuildFile; fileRef = 30C5BB1C1D408A20001DF9D2 /* BrickListView.m */; };
		30C5BB2C1D40A09B001DF9D2 /* UITapImageView.m in Sources */ = {isa = PBXBuildFile; fileRef = 30C5BB2B1D40A09B001DF9D2 /* UITapImageView.m */; };
		30C5BB3A1D40B468001DF9D2 /* BaseViewController.m in Sources */ = {isa = PBXBuildFile; fileRef = 1BFD4D391D3CD09B00ABE8E6 /* BaseViewController.m */; };
		30C5BB441D411D8A001DF9D2 /* CommentCell.m in Sources */ = {isa = PBXBuildFile; fileRef = 30C5BB431D411D8A001DF9D2 /* CommentCell.m */; };
		30C5BB4E1D4209F8001DF9D2 /* DetailBrickViewController.m in Sources */ = {isa = PBXBuildFile; fileRef = 30C5BB4D1D4209F8001DF9D2 /* DetailBrickViewController.m */; };
		30C5BB541D4210A8001DF9D2 /* BrickPhotoCell.m in Sources */ = {isa = PBXBuildFile; fileRef = 30C5BB531D4210A8001DF9D2 /* BrickPhotoCell.m */; };
		30C5BB631D4240A1001DF9D2 /* data.json in Resources */ = {isa = PBXBuildFile; fileRef = 30C5BB621D4240A1001DF9D2 /* data.json */; };
		30C5BB6C1D425699001DF9D2 /* MainTableViewCell.m in Sources */ = {isa = PBXBuildFile; fileRef = 30C5BB6A1D425699001DF9D2 /* MainTableViewCell.m */; };
		30C5BB6D1D430C80001DF9D2 /* MainTableViewCell.m in Sources */ = {isa = PBXBuildFile; fileRef = 30C5BB6A1D425699001DF9D2 /* MainTableViewCell.m */; };
		30F91D641D3DCC1F007D9BDB /* UIViewExt.m in Sources */ = {isa = PBXBuildFile; fileRef = 30F91D631D3DCC1F007D9BDB /* UIViewExt.m */; };
		30F91D761D3DE8F3007D9BDB /* UIImage+Common.m in Sources */ = {isa = PBXBuildFile; fileRef = 30F91D751D3DE8F3007D9BDB /* UIImage+Common.m */; };
		5A1CD6C11D476E670007E4D1 /* Mine_BrickModel.m in Sources */ = {isa = PBXBuildFile; fileRef = 5A1CD6C01D476E670007E4D1 /* Mine_BrickModel.m */; };
		5A1CD6C41D4773C30007E4D1 /* Mine_BrickCell.m in Sources */ = {isa = PBXBuildFile; fileRef = 5A1CD6C31D4773C30007E4D1 /* Mine_BrickCell.m */; };
		5A1CD6C61D4847040007E4D1 /* WebKit.framework in Frameworks */ = {isa = PBXBuildFile; fileRef = 5A1CD6C51D4847040007E4D1 /* WebKit.framework */; };
		5A52DE1F1D41D9DB00D28DB2 /* PersonInfoController.m in Sources */ = {isa = PBXBuildFile; fileRef = 5A52DE1E1D41D9DB00D28DB2 /* PersonInfoController.m */; };
		5A52DE221D41DF7A00D28DB2 /* Mine_infoCell.m in Sources */ = {isa = PBXBuildFile; fileRef = 5A52DE211D41DF7A00D28DB2 /* Mine_infoCell.m */; };
		5A52DE261D41ECC300D28DB2 /* MBProgressHUD+GR.m in Sources */ = {isa = PBXBuildFile; fileRef = 5A52DE251D41ECC300D28DB2 /* MBProgressHUD+GR.m */; };
		5A52DE291D41EF1000D28DB2 /* GalleryController.m in Sources */ = {isa = PBXBuildFile; fileRef = 5A52DE281D41EF1000D28DB2 /* GalleryController.m */; };
		5A52DE2C1D41EF4C00D28DB2 /* BrickController.m in Sources */ = {isa = PBXBuildFile; fileRef = 5A52DE2B1D41EF4C00D28DB2 /* BrickController.m */; };
		5A52DE2F1D41EF5E00D28DB2 /* FlowerController.m in Sources */ = {isa = PBXBuildFile; fileRef = 5A52DE2E1D41EF5E00D28DB2 /* FlowerController.m */; };
		5A52DE321D41EF7400D28DB2 /* AboutController.m in Sources */ = {isa = PBXBuildFile; fileRef = 5A52DE311D41EF7400D28DB2 /* AboutController.m */; };
		5A52DE361D41F21A00D28DB2 /* HeadEditController.m in Sources */ = {isa = PBXBuildFile; fileRef = 5A52DE351D41F21A00D28DB2 /* HeadEditController.m */; };
		5A52DE391D41FCB500D28DB2 /* CutHeadController.m in Sources */ = {isa = PBXBuildFile; fileRef = 5A52DE381D41FCB500D28DB2 /* CutHeadController.m */; };
		5A52DE3D1D420D0200D28DB2 /* MyLog.m in Sources */ = {isa = PBXBuildFile; fileRef = 5A52DE3C1D420D0200D28DB2 /* MyLog.m */; };
		5A686DEE1D445DFC00455FB2 /* UITextField+Common.m in Sources */ = {isa = PBXBuildFile; fileRef = 5A686DED1D445DFC00455FB2 /* UITextField+Common.m */; };
		5A686DF11D44629800455FB2 /* MottoController.m in Sources */ = {isa = PBXBuildFile; fileRef = 5A686DF01D44629800455FB2 /* MottoController.m */; };
		5A686DF41D446FB500455FB2 /* UITextView+Common.m in Sources */ = {isa = PBXBuildFile; fileRef = 5A686DF31D446FB500455FB2 /* UITextView+Common.m */; };
		7907306E1D4114A700E726E2 /* ComposeViewController.m in Sources */ = {isa = PBXBuildFile; fileRef = 7907306D1D4114A700E726E2 /* ComposeViewController.m */; };
		7959080C1D4107F000C72617 /* UIAlertController+Common.m in Sources */ = {isa = PBXBuildFile; fileRef = 7959080B1D4107F000C72617 /* UIAlertController+Common.m */; };
		79F71F1E1D49DA2C00C2AF2D /* TencentOpenAPI.framework in Frameworks */ = {isa = PBXBuildFile; fileRef = 79F71F1C1D49DA2C00C2AF2D /* TencentOpenAPI.framework */; };
		79F71F201D49DA9900C2AF2D /* Security.framework in Frameworks */ = {isa = PBXBuildFile; fileRef = 79F71F1F1D49DA9900C2AF2D /* Security.framework */; };
		79F71F221D49DAA800C2AF2D /* libiconv.tbd in Frameworks */ = {isa = PBXBuildFile; fileRef = 79F71F211D49DAA800C2AF2D /* libiconv.tbd */; };
		79F71F241D49DAB200C2AF2D /* SystemConfiguration.framework in Frameworks */ = {isa = PBXBuildFile; fileRef = 79F71F231D49DAB200C2AF2D /* SystemConfiguration.framework */; };
		79F71F261D49DAC100C2AF2D /* CoreGraphics.framework in Frameworks */ = {isa = PBXBuildFile; fileRef = 79F71F251D49DAC100C2AF2D /* CoreGraphics.framework */; };
		79F71F281D49DACD00C2AF2D /* libsqlite3.tbd in Frameworks */ = {isa = PBXBuildFile; fileRef = 79F71F271D49DACD00C2AF2D /* libsqlite3.tbd */; };
		79F71F2A1D49DAD700C2AF2D /* CoreTelephony.framework in Frameworks */ = {isa = PBXBuildFile; fileRef = 79F71F291D49DAD700C2AF2D /* CoreTelephony.framework */; };
		79F71F2C1D49DAE200C2AF2D /* libstdc++.tbd in Frameworks */ = {isa = PBXBuildFile; fileRef = 79F71F2B1D49DAE200C2AF2D /* libstdc++.tbd */; };
		79F71F2E1D49DAEC00C2AF2D /* libz.tbd in Frameworks */ = {isa = PBXBuildFile; fileRef = 79F71F2D1D49DAEC00C2AF2D /* libz.tbd */; };
		79F71F321D49DF1100C2AF2D /* BMLoginViewController.m in Sources */ = {isa = PBXBuildFile; fileRef = 79F71F311D49DF1100C2AF2D /* BMLoginViewController.m */; };
		79F71F3A1D4A33A700C2AF2D /* BMUserInfo.m in Sources */ = {isa = PBXBuildFile; fileRef = 79F71F391D4A33A700C2AF2D /* BMUserInfo.m */; };
		79FBFBE11D41DF00001C43C2 /* ComposeTextView.m in Sources */ = {isa = PBXBuildFile; fileRef = 79FBFBE01D41DF00001C43C2 /* ComposeTextView.m */; };
		79FBFBE71D41FCB2001C43C2 /* ComposePictureViewFlowLayout.m in Sources */ = {isa = PBXBuildFile; fileRef = 79FBFBE61D41FCB2001C43C2 /* ComposePictureViewFlowLayout.m */; };
		79FBFBEB1D420904001C43C2 /* ComposePictureCell.m in Sources */ = {isa = PBXBuildFile; fileRef = 79FBFBEA1D420904001C43C2 /* ComposePictureCell.m */; };
		F6357FC9715FCF5B24D9C717 /* libPods-BrickMan.a in Frameworks */ = {isa = PBXBuildFile; fileRef = FA4C9206F9F9B3EB03F1F2A5 /* libPods-BrickMan.a */; };
/* End PBXBuildFile section */

/* Begin PBXContainerItemProxy section */
		1BFD4D0D1D3CCC3100ABE8E6 /* PBXContainerItemProxy */ = {
			isa = PBXContainerItemProxy;
			containerPortal = 1BFD4CEB1D3CCC3100ABE8E6 /* Project object */;
			proxyType = 1;
			remoteGlobalIDString = 1BFD4CF21D3CCC3100ABE8E6;
			remoteInfo = BrickMan;
		};
		1BFD4D181D3CCC3100ABE8E6 /* PBXContainerItemProxy */ = {
			isa = PBXContainerItemProxy;
			containerPortal = 1BFD4CEB1D3CCC3100ABE8E6 /* Project object */;
			proxyType = 1;
			remoteGlobalIDString = 1BFD4CF21D3CCC3100ABE8E6;
			remoteInfo = BrickMan;
		};
/* End PBXContainerItemProxy section */

/* Begin PBXFileReference section */
		1BFD4CF31D3CCC3100ABE8E6 /* BrickMan.app */ = {isa = PBXFileReference; explicitFileType = wrapper.application; includeInIndex = 0; path = BrickMan.app; sourceTree = BUILT_PRODUCTS_DIR; };
		1BFD4CF71D3CCC3100ABE8E6 /* main.m */ = {isa = PBXFileReference; lastKnownFileType = sourcecode.c.objc; path = main.m; sourceTree = "<group>"; };
		1BFD4CF91D3CCC3100ABE8E6 /* AppDelegate.h */ = {isa = PBXFileReference; lastKnownFileType = sourcecode.c.h; path = AppDelegate.h; sourceTree = "<group>"; };
		1BFD4CFA1D3CCC3100ABE8E6 /* AppDelegate.m */ = {isa = PBXFileReference; lastKnownFileType = sourcecode.c.objc; path = AppDelegate.m; sourceTree = "<group>"; };
		1BFD4D021D3CCC3100ABE8E6 /* Assets.xcassets */ = {isa = PBXFileReference; lastKnownFileType = folder.assetcatalog; path = Assets.xcassets; sourceTree = "<group>"; };
		1BFD4D051D3CCC3100ABE8E6 /* Base */ = {isa = PBXFileReference; lastKnownFileType = file.storyboard; name = Base; path = Base.lproj/LaunchScreen.storyboard; sourceTree = "<group>"; };
		1BFD4D071D3CCC3100ABE8E6 /* Info.plist */ = {isa = PBXFileReference; lastKnownFileType = text.plist.xml; path = Info.plist; sourceTree = "<group>"; };
		1BFD4D0C1D3CCC3100ABE8E6 /* BrickManTests.xctest */ = {isa = PBXFileReference; explicitFileType = wrapper.cfbundle; includeInIndex = 0; path = BrickManTests.xctest; sourceTree = BUILT_PRODUCTS_DIR; };
		1BFD4D101D3CCC3100ABE8E6 /* BrickManTests.m */ = {isa = PBXFileReference; lastKnownFileType = sourcecode.c.objc; path = BrickManTests.m; sourceTree = "<group>"; };
		1BFD4D121D3CCC3100ABE8E6 /* Info.plist */ = {isa = PBXFileReference; lastKnownFileType = text.plist.xml; path = Info.plist; sourceTree = "<group>"; };
		1BFD4D171D3CCC3100ABE8E6 /* BrickManUITests.xctest */ = {isa = PBXFileReference; explicitFileType = wrapper.cfbundle; includeInIndex = 0; path = BrickManUITests.xctest; sourceTree = BUILT_PRODUCTS_DIR; };
		1BFD4D1B1D3CCC3100ABE8E6 /* BrickManUITests.m */ = {isa = PBXFileReference; lastKnownFileType = sourcecode.c.objc; path = BrickManUITests.m; sourceTree = "<group>"; };
		1BFD4D1D1D3CCC3100ABE8E6 /* Info.plist */ = {isa = PBXFileReference; lastKnownFileType = text.plist.xml; path = Info.plist; sourceTree = "<group>"; };
		1BFD4D291D3CCC8200ABE8E6 /* BrickMan-Prefix.pch */ = {isa = PBXFileReference; fileEncoding = 4; lastKnownFileType = sourcecode.c.h; path = "BrickMan-Prefix.pch"; sourceTree = "<group>"; };
		1BFD4D301D3CD02500ABE8E6 /* RootTabBarController.h */ = {isa = PBXFileReference; fileEncoding = 4; lastKnownFileType = sourcecode.c.h; path = RootTabBarController.h; sourceTree = "<group>"; };
		1BFD4D311D3CD02500ABE8E6 /* RootTabBarController.m */ = {isa = PBXFileReference; fileEncoding = 4; lastKnownFileType = sourcecode.c.objc; path = RootTabBarController.m; sourceTree = "<group>"; };
		1BFD4D381D3CD09B00ABE8E6 /* BaseViewController.h */ = {isa = PBXFileReference; fileEncoding = 4; lastKnownFileType = sourcecode.c.h; path = BaseViewController.h; sourceTree = "<group>"; };
		1BFD4D391D3CD09B00ABE8E6 /* BaseViewController.m */ = {isa = PBXFileReference; fileEncoding = 4; lastKnownFileType = sourcecode.c.objc; path = BaseViewController.m; sourceTree = "<group>"; };
		1BFD4D3B1D3CD0B500ABE8E6 /* MainViewController.h */ = {isa = PBXFileReference; fileEncoding = 4; lastKnownFileType = sourcecode.c.h; path = MainViewController.h; sourceTree = "<group>"; };
		1BFD4D3C1D3CD0B500ABE8E6 /* MainViewController.m */ = {isa = PBXFileReference; fileEncoding = 4; lastKnownFileType = sourcecode.c.objc; path = MainViewController.m; sourceTree = "<group>"; };
		1BFD4D3E1D3CD0BF00ABE8E6 /* PublishViewController.h */ = {isa = PBXFileReference; fileEncoding = 4; lastKnownFileType = sourcecode.c.h; path = PublishViewController.h; sourceTree = "<group>"; };
		1BFD4D3F1D3CD0BF00ABE8E6 /* PublishViewController.m */ = {isa = PBXFileReference; fileEncoding = 4; lastKnownFileType = sourcecode.c.objc; path = PublishViewController.m; sourceTree = "<group>"; };
		1BFD4D411D3CD0F100ABE8E6 /* MineViewController.h */ = {isa = PBXFileReference; fileEncoding = 4; lastKnownFileType = sourcecode.c.h; path = MineViewController.h; sourceTree = "<group>"; };
		1BFD4D421D3CD0F100ABE8E6 /* MineViewController.m */ = {isa = PBXFileReference; fileEncoding = 4; lastKnownFileType = sourcecode.c.objc; path = MineViewController.m; sourceTree = "<group>"; };
		302D99F71D3DF34400F295A0 /* BrickManNetClient.h */ = {isa = PBXFileReference; fileEncoding = 4; lastKnownFileType = sourcecode.c.h; path = BrickManNetClient.h; sourceTree = "<group>"; };
		302D99F81D3DF34400F295A0 /* BrickManNetClient.m */ = {isa = PBXFileReference; fileEncoding = 4; lastKnownFileType = sourcecode.c.objc; path = BrickManNetClient.m; sourceTree = "<group>"; };
		302D99FA1D3DF45C00F295A0 /* NSObject+Common.h */ = {isa = PBXFileReference; fileEncoding = 4; lastKnownFileType = sourcecode.c.h; path = "NSObject+Common.h"; sourceTree = "<group>"; };
		302D99FB1D3DF45C00F295A0 /* NSObject+Common.m */ = {isa = PBXFileReference; fileEncoding = 4; lastKnownFileType = sourcecode.c.objc; path = "NSObject+Common.m"; sourceTree = "<group>"; };
		302D99FD1D3E058700F295A0 /* BrickManAPIManager.h */ = {isa = PBXFileReference; fileEncoding = 4; lastKnownFileType = sourcecode.c.h; path = BrickManAPIManager.h; sourceTree = "<group>"; };
		302D99FE1D3E058700F295A0 /* BrickManAPIManager.m */ = {isa = PBXFileReference; fileEncoding = 4; lastKnownFileType = sourcecode.c.objc; path = BrickManAPIManager.m; sourceTree = "<group>"; };
		302D9A001D3E069800F295A0 /* BaseNavigationController.h */ = {isa = PBXFileReference; fileEncoding = 4; lastKnownFileType = sourcecode.c.h; path = BaseNavigationController.h; sourceTree = "<group>"; };
		302D9A011D3E069800F295A0 /* BaseNavigationController.m */ = {isa = PBXFileReference; fileEncoding = 4; lastKnownFileType = sourcecode.c.objc; path = BaseNavigationController.m; sourceTree = "<group>"; };
		303529C31D4862AC00CFDD77 /* CommentInputView.h */ = {isa = PBXFileReference; fileEncoding = 4; lastKnownFileType = sourcecode.c.h; path = CommentInputView.h; sourceTree = "<group>"; };
		303529C41D4862AC00CFDD77 /* CommentInputView.m */ = {isa = PBXFileReference; fileEncoding = 4; lastKnownFileType = sourcecode.c.objc; path = CommentInputView.m; sourceTree = "<group>"; };
		303529C61D4862BD00CFDD77 /* ShareView.h */ = {isa = PBXFileReference; fileEncoding = 4; lastKnownFileType = sourcecode.c.h; path = ShareView.h; sourceTree = "<group>"; };
		303529C71D4862BD00CFDD77 /* ShareView.m */ = {isa = PBXFileReference; fileEncoding = 4; lastKnownFileType = sourcecode.c.objc; path = ShareView.m; sourceTree = "<group>"; };
		303529CD1D48766200CFDD77 /* UIPlaceHolderTextView.h */ = {isa = PBXFileReference; fileEncoding = 4; lastKnownFileType = sourcecode.c.h; path = UIPlaceHolderTextView.h; sourceTree = "<group>"; };
		303529CE1D48766200CFDD77 /* UIPlaceHolderTextView.m */ = {isa = PBXFileReference; fileEncoding = 4; lastKnownFileType = sourcecode.c.objc; path = UIPlaceHolderTextView.m; sourceTree = "<group>"; };
		30721A831D3E587A00D54E09 /* UITableView+Common.h */ = {isa = PBXFileReference; fileEncoding = 4; lastKnownFileType = sourcecode.c.h; path = "UITableView+Common.h"; sourceTree = "<group>"; };
		30721A841D3E587A00D54E09 /* UITableView+Common.m */ = {isa = PBXFileReference; fileEncoding = 4; lastKnownFileType = sourcecode.c.objc; path = "UITableView+Common.m"; sourceTree = "<group>"; };
		30C5BAD71D406008001DF9D2 /* Mine_headerCell.h */ = {isa = PBXFileReference; fileEncoding = 4; lastKnownFileType = sourcecode.c.h; path = Mine_headerCell.h; sourceTree = "<group>"; };
		30C5BAD81D406008001DF9D2 /* Mine_headerCell.m */ = {isa = PBXFileReference; fileEncoding = 4; lastKnownFileType = sourcecode.c.objc; path = Mine_headerCell.m; sourceTree = "<group>"; };
		30C5BAD91D406008001DF9D2 /* Mine_titleCell.h */ = {isa = PBXFileReference; fileEncoding = 4; lastKnownFileType = sourcecode.c.h; path = Mine_titleCell.h; sourceTree = "<group>"; };
		30C5BADA1D406008001DF9D2 /* Mine_titleCell.m */ = {isa = PBXFileReference; fileEncoding = 4; lastKnownFileType = sourcecode.c.objc; path = Mine_titleCell.m; sourceTree = "<group>"; };
		30C5BAE41D40655E001DF9D2 /* UILabel+Common.h */ = {isa = PBXFileReference; fileEncoding = 4; lastKnownFileType = sourcecode.c.h; path = "UILabel+Common.h"; sourceTree = "<group>"; };
		30C5BAE51D40655E001DF9D2 /* UILabel+Common.m */ = {isa = PBXFileReference; fileEncoding = 4; lastKnownFileType = sourcecode.c.objc; path = "UILabel+Common.m"; sourceTree = "<group>"; };
		30C5BAE71D406594001DF9D2 /* NSString+Common.h */ = {isa = PBXFileReference; fileEncoding = 4; lastKnownFileType = sourcecode.c.h; path = "NSString+Common.h"; sourceTree = "<group>"; };
		30C5BAE81D406594001DF9D2 /* NSString+Common.m */ = {isa = PBXFileReference; fileEncoding = 4; lastKnownFileType = sourcecode.c.objc; path = "NSString+Common.m"; sourceTree = "<group>"; };
		30C5BB0E1D408250001DF9D2 /* iCarousel.h */ = {isa = PBXFileReference; fileEncoding = 4; lastKnownFileType = sourcecode.c.h; path = iCarousel.h; sourceTree = "<group>"; };
		30C5BB0F1D408250001DF9D2 /* iCarousel.m */ = {isa = PBXFileReference; fileEncoding = 4; lastKnownFileType = sourcecode.c.objc; path = iCarousel.m; sourceTree = "<group>"; };
		30C5BB121D40837E001DF9D2 /* XTSegmentControl.h */ = {isa = PBXFileReference; fileEncoding = 4; lastKnownFileType = sourcecode.c.h; path = XTSegmentControl.h; sourceTree = "<group>"; };
		30C5BB131D40837E001DF9D2 /* XTSegmentControl.m */ = {isa = PBXFileReference; fileEncoding = 4; lastKnownFileType = sourcecode.c.objc; path = XTSegmentControl.m; sourceTree = "<group>"; };
		30C5BB181D4084A1001DF9D2 /* UIColor+expanded.h */ = {isa = PBXFileReference; fileEncoding = 4; lastKnownFileType = sourcecode.c.h; path = "UIColor+expanded.h"; sourceTree = "<group>"; };
		30C5BB191D4084A1001DF9D2 /* UIColor+expanded.m */ = {isa = PBXFileReference; fileEncoding = 4; lastKnownFileType = sourcecode.c.objc; path = "UIColor+expanded.m"; sourceTree = "<group>"; };
		30C5BB1B1D408A20001DF9D2 /* BrickListView.h */ = {isa = PBXFileReference; fileEncoding = 4; lastKnownFileType = sourcecode.c.h; path = BrickListView.h; sourceTree = "<group>"; };
		30C5BB1C1D408A20001DF9D2 /* BrickListView.m */ = {isa = PBXFileReference; fileEncoding = 4; lastKnownFileType = sourcecode.c.objc; path = BrickListView.m; sourceTree = "<group>"; };
		30C5BB2A1D40A09B001DF9D2 /* UITapImageView.h */ = {isa = PBXFileReference; fileEncoding = 4; lastKnownFileType = sourcecode.c.h; path = UITapImageView.h; sourceTree = "<group>"; };
		30C5BB2B1D40A09B001DF9D2 /* UITapImageView.m */ = {isa = PBXFileReference; fileEncoding = 4; lastKnownFileType = sourcecode.c.objc; path = UITapImageView.m; sourceTree = "<group>"; };
		30C5BB421D411D8A001DF9D2 /* CommentCell.h */ = {isa = PBXFileReference; fileEncoding = 4; lastKnownFileType = sourcecode.c.h; path = CommentCell.h; sourceTree = "<group>"; };
		30C5BB431D411D8A001DF9D2 /* CommentCell.m */ = {isa = PBXFileReference; fileEncoding = 4; lastKnownFileType = sourcecode.c.objc; path = CommentCell.m; sourceTree = "<group>"; };
		30C5BB4C1D4209F8001DF9D2 /* DetailBrickViewController.h */ = {isa = PBXFileReference; fileEncoding = 4; lastKnownFileType = sourcecode.c.h; path = DetailBrickViewController.h; sourceTree = "<group>"; };
		30C5BB4D1D4209F8001DF9D2 /* DetailBrickViewController.m */ = {isa = PBXFileReference; fileEncoding = 4; lastKnownFileType = sourcecode.c.objc; path = DetailBrickViewController.m; sourceTree = "<group>"; };
		30C5BB521D4210A8001DF9D2 /* BrickPhotoCell.h */ = {isa = PBXFileReference; fileEncoding = 4; lastKnownFileType = sourcecode.c.h; path = BrickPhotoCell.h; sourceTree = "<group>"; };
		30C5BB531D4210A8001DF9D2 /* BrickPhotoCell.m */ = {isa = PBXFileReference; fileEncoding = 4; lastKnownFileType = sourcecode.c.objc; path = BrickPhotoCell.m; sourceTree = "<group>"; };
		30C5BB621D4240A1001DF9D2 /* data.json */ = {isa = PBXFileReference; fileEncoding = 4; lastKnownFileType = text.json; path = data.json; sourceTree = "<group>"; };
		30C5BB6A1D425699001DF9D2 /* MainTableViewCell.m */ = {isa = PBXFileReference; fileEncoding = 4; lastKnownFileType = sourcecode.c.objc; path = MainTableViewCell.m; sourceTree = "<group>"; };
		30C5BB6B1D425699001DF9D2 /* MainTableViewCell.h */ = {isa = PBXFileReference; fileEncoding = 4; lastKnownFileType = sourcecode.c.h; path = MainTableViewCell.h; sourceTree = "<group>"; };
		30F91D621D3DCC1F007D9BDB /* UIViewExt.h */ = {isa = PBXFileReference; fileEncoding = 4; lastKnownFileType = sourcecode.c.h; path = UIViewExt.h; sourceTree = "<group>"; };
		30F91D631D3DCC1F007D9BDB /* UIViewExt.m */ = {isa = PBXFileReference; fileEncoding = 4; lastKnownFileType = sourcecode.c.objc; path = UIViewExt.m; sourceTree = "<group>"; };
		30F91D741D3DE8F3007D9BDB /* UIImage+Common.h */ = {isa = PBXFileReference; fileEncoding = 4; lastKnownFileType = sourcecode.c.h; path = "UIImage+Common.h"; sourceTree = "<group>"; };
		30F91D751D3DE8F3007D9BDB /* UIImage+Common.m */ = {isa = PBXFileReference; fileEncoding = 4; lastKnownFileType = sourcecode.c.objc; path = "UIImage+Common.m"; sourceTree = "<group>"; };
		55710C9B5A35144F8189BE32 /* Pods-BrickMan.debug.xcconfig */ = {isa = PBXFileReference; includeInIndex = 1; lastKnownFileType = text.xcconfig; name = "Pods-BrickMan.debug.xcconfig"; path = "Pods/Target Support Files/Pods-BrickMan/Pods-BrickMan.debug.xcconfig"; sourceTree = "<group>"; };
		5A1CD6BF1D476E670007E4D1 /* Mine_BrickModel.h */ = {isa = PBXFileReference; fileEncoding = 4; lastKnownFileType = sourcecode.c.h; path = Mine_BrickModel.h; sourceTree = "<group>"; };
		5A1CD6C01D476E670007E4D1 /* Mine_BrickModel.m */ = {isa = PBXFileReference; fileEncoding = 4; lastKnownFileType = sourcecode.c.objc; path = Mine_BrickModel.m; sourceTree = "<group>"; };
		5A1CD6C21D4773C30007E4D1 /* Mine_BrickCell.h */ = {isa = PBXFileReference; fileEncoding = 4; lastKnownFileType = sourcecode.c.h; path = Mine_BrickCell.h; sourceTree = "<group>"; };
		5A1CD6C31D4773C30007E4D1 /* Mine_BrickCell.m */ = {isa = PBXFileReference; fileEncoding = 4; lastKnownFileType = sourcecode.c.objc; path = Mine_BrickCell.m; sourceTree = "<group>"; };
		5A1CD6C51D4847040007E4D1 /* WebKit.framework */ = {isa = PBXFileReference; lastKnownFileType = wrapper.framework; name = WebKit.framework; path = System/Library/Frameworks/WebKit.framework; sourceTree = SDKROOT; };
		5A52DE1D1D41D9DB00D28DB2 /* PersonInfoController.h */ = {isa = PBXFileReference; fileEncoding = 4; lastKnownFileType = sourcecode.c.h; path = PersonInfoController.h; sourceTree = "<group>"; };
		5A52DE1E1D41D9DB00D28DB2 /* PersonInfoController.m */ = {isa = PBXFileReference; fileEncoding = 4; lastKnownFileType = sourcecode.c.objc; path = PersonInfoController.m; sourceTree = "<group>"; };
		5A52DE201D41DF7A00D28DB2 /* Mine_infoCell.h */ = {isa = PBXFileReference; fileEncoding = 4; lastKnownFileType = sourcecode.c.h; path = Mine_infoCell.h; sourceTree = "<group>"; };
		5A52DE211D41DF7A00D28DB2 /* Mine_infoCell.m */ = {isa = PBXFileReference; fileEncoding = 4; lastKnownFileType = sourcecode.c.objc; path = Mine_infoCell.m; sourceTree = "<group>"; };
		5A52DE241D41ECC300D28DB2 /* MBProgressHUD+GR.h */ = {isa = PBXFileReference; fileEncoding = 4; lastKnownFileType = sourcecode.c.h; path = "MBProgressHUD+GR.h"; sourceTree = "<group>"; };
		5A52DE251D41ECC300D28DB2 /* MBProgressHUD+GR.m */ = {isa = PBXFileReference; fileEncoding = 4; lastKnownFileType = sourcecode.c.objc; path = "MBProgressHUD+GR.m"; sourceTree = "<group>"; };
		5A52DE271D41EF1000D28DB2 /* GalleryController.h */ = {isa = PBXFileReference; fileEncoding = 4; lastKnownFileType = sourcecode.c.h; path = GalleryController.h; sourceTree = "<group>"; };
		5A52DE281D41EF1000D28DB2 /* GalleryController.m */ = {isa = PBXFileReference; fileEncoding = 4; lastKnownFileType = sourcecode.c.objc; path = GalleryController.m; sourceTree = "<group>"; };
		5A52DE2A1D41EF4C00D28DB2 /* BrickController.h */ = {isa = PBXFileReference; fileEncoding = 4; lastKnownFileType = sourcecode.c.h; path = BrickController.h; sourceTree = "<group>"; };
		5A52DE2B1D41EF4C00D28DB2 /* BrickController.m */ = {isa = PBXFileReference; fileEncoding = 4; lastKnownFileType = sourcecode.c.objc; path = BrickController.m; sourceTree = "<group>"; };
		5A52DE2D1D41EF5E00D28DB2 /* FlowerController.h */ = {isa = PBXFileReference; fileEncoding = 4; lastKnownFileType = sourcecode.c.h; path = FlowerController.h; sourceTree = "<group>"; };
		5A52DE2E1D41EF5E00D28DB2 /* FlowerController.m */ = {isa = PBXFileReference; fileEncoding = 4; lastKnownFileType = sourcecode.c.objc; path = FlowerController.m; sourceTree = "<group>"; };
		5A52DE301D41EF7400D28DB2 /* AboutController.h */ = {isa = PBXFileReference; fileEncoding = 4; lastKnownFileType = sourcecode.c.h; path = AboutController.h; sourceTree = "<group>"; };
		5A52DE311D41EF7400D28DB2 /* AboutController.m */ = {isa = PBXFileReference; fileEncoding = 4; lastKnownFileType = sourcecode.c.objc; path = AboutController.m; sourceTree = "<group>"; };
		5A52DE341D41F21A00D28DB2 /* HeadEditController.h */ = {isa = PBXFileReference; fileEncoding = 4; lastKnownFileType = sourcecode.c.h; path = HeadEditController.h; sourceTree = "<group>"; };
		5A52DE351D41F21A00D28DB2 /* HeadEditController.m */ = {isa = PBXFileReference; fileEncoding = 4; lastKnownFileType = sourcecode.c.objc; path = HeadEditController.m; sourceTree = "<group>"; };
		5A52DE371D41FCB500D28DB2 /* CutHeadController.h */ = {isa = PBXFileReference; fileEncoding = 4; lastKnownFileType = sourcecode.c.h; path = CutHeadController.h; sourceTree = "<group>"; };
		5A52DE381D41FCB500D28DB2 /* CutHeadController.m */ = {isa = PBXFileReference; fileEncoding = 4; lastKnownFileType = sourcecode.c.objc; path = CutHeadController.m; sourceTree = "<group>"; };
		5A52DE3B1D420D0200D28DB2 /* MyLog.h */ = {isa = PBXFileReference; fileEncoding = 4; lastKnownFileType = sourcecode.c.h; path = MyLog.h; sourceTree = "<group>"; };
		5A52DE3C1D420D0200D28DB2 /* MyLog.m */ = {isa = PBXFileReference; fileEncoding = 4; lastKnownFileType = sourcecode.c.objc; path = MyLog.m; sourceTree = "<group>"; };
		5A686DEC1D445DFC00455FB2 /* UITextField+Common.h */ = {isa = PBXFileReference; fileEncoding = 4; lastKnownFileType = sourcecode.c.h; path = "UITextField+Common.h"; sourceTree = "<group>"; };
		5A686DED1D445DFC00455FB2 /* UITextField+Common.m */ = {isa = PBXFileReference; fileEncoding = 4; lastKnownFileType = sourcecode.c.objc; path = "UITextField+Common.m"; sourceTree = "<group>"; };
		5A686DEF1D44629800455FB2 /* MottoController.h */ = {isa = PBXFileReference; fileEncoding = 4; lastKnownFileType = sourcecode.c.h; path = MottoController.h; sourceTree = "<group>"; };
		5A686DF01D44629800455FB2 /* MottoController.m */ = {isa = PBXFileReference; fileEncoding = 4; lastKnownFileType = sourcecode.c.objc; path = MottoController.m; sourceTree = "<group>"; };
		5A686DF21D446FB500455FB2 /* UITextView+Common.h */ = {isa = PBXFileReference; fileEncoding = 4; lastKnownFileType = sourcecode.c.h; path = "UITextView+Common.h"; sourceTree = "<group>"; };
		5A686DF31D446FB500455FB2 /* UITextView+Common.m */ = {isa = PBXFileReference; fileEncoding = 4; lastKnownFileType = sourcecode.c.objc; path = "UITextView+Common.m"; sourceTree = "<group>"; };
		7907306C1D4114A700E726E2 /* ComposeViewController.h */ = {isa = PBXFileReference; fileEncoding = 4; lastKnownFileType = sourcecode.c.h; path = ComposeViewController.h; sourceTree = "<group>"; };
		7907306D1D4114A700E726E2 /* ComposeViewController.m */ = {isa = PBXFileReference; fileEncoding = 4; lastKnownFileType = sourcecode.c.objc; path = ComposeViewController.m; sourceTree = "<group>"; };
		7959080A1D4107F000C72617 /* UIAlertController+Common.h */ = {isa = PBXFileReference; fileEncoding = 4; lastKnownFileType = sourcecode.c.h; path = "UIAlertController+Common.h"; sourceTree = "<group>"; };
		7959080B1D4107F000C72617 /* UIAlertController+Common.m */ = {isa = PBXFileReference; fileEncoding = 4; lastKnownFileType = sourcecode.c.objc; path = "UIAlertController+Common.m"; sourceTree = "<group>"; };
		79F71F1B1D49DA2C00C2AF2D /* TencentOpenApi_IOS_Bundle.bundle */ = {isa = PBXFileReference; lastKnownFileType = "wrapper.plug-in"; path = TencentOpenApi_IOS_Bundle.bundle; sourceTree = "<group>"; };
		79F71F1C1D49DA2C00C2AF2D /* TencentOpenAPI.framework */ = {isa = PBXFileReference; lastKnownFileType = wrapper.framework; path = TencentOpenAPI.framework; sourceTree = "<group>"; };
		79F71F1F1D49DA9900C2AF2D /* Security.framework */ = {isa = PBXFileReference; lastKnownFileType = wrapper.framework; name = Security.framework; path = System/Library/Frameworks/Security.framework; sourceTree = SDKROOT; };
		79F71F211D49DAA800C2AF2D /* libiconv.tbd */ = {isa = PBXFileReference; lastKnownFileType = "sourcecode.text-based-dylib-definition"; name = libiconv.tbd; path = usr/lib/libiconv.tbd; sourceTree = SDKROOT; };
		79F71F231D49DAB200C2AF2D /* SystemConfiguration.framework */ = {isa = PBXFileReference; lastKnownFileType = wrapper.framework; name = SystemConfiguration.framework; path = System/Library/Frameworks/SystemConfiguration.framework; sourceTree = SDKROOT; };
		79F71F251D49DAC100C2AF2D /* CoreGraphics.framework */ = {isa = PBXFileReference; lastKnownFileType = wrapper.framework; name = CoreGraphics.framework; path = System/Library/Frameworks/CoreGraphics.framework; sourceTree = SDKROOT; };
		79F71F271D49DACD00C2AF2D /* libsqlite3.tbd */ = {isa = PBXFileReference; lastKnownFileType = "sourcecode.text-based-dylib-definition"; name = libsqlite3.tbd; path = usr/lib/libsqlite3.tbd; sourceTree = SDKROOT; };
		79F71F291D49DAD700C2AF2D /* CoreTelephony.framework */ = {isa = PBXFileReference; lastKnownFileType = wrapper.framework; name = CoreTelephony.framework; path = System/Library/Frameworks/CoreTelephony.framework; sourceTree = SDKROOT; };
		79F71F2B1D49DAE200C2AF2D /* libstdc++.tbd */ = {isa = PBXFileReference; lastKnownFileType = "sourcecode.text-based-dylib-definition"; name = "libstdc++.tbd"; path = "usr/lib/libstdc++.tbd"; sourceTree = SDKROOT; };
		79F71F2D1D49DAEC00C2AF2D /* libz.tbd */ = {isa = PBXFileReference; lastKnownFileType = "sourcecode.text-based-dylib-definition"; name = libz.tbd; path = usr/lib/libz.tbd; sourceTree = SDKROOT; };
		79F71F301D49DF1100C2AF2D /* BMLoginViewController.h */ = {isa = PBXFileReference; fileEncoding = 4; lastKnownFileType = sourcecode.c.h; path = BMLoginViewController.h; sourceTree = "<group>"; };
		79F71F311D49DF1100C2AF2D /* BMLoginViewController.m */ = {isa = PBXFileReference; fileEncoding = 4; lastKnownFileType = sourcecode.c.objc; path = BMLoginViewController.m; sourceTree = "<group>"; };
		79F71F381D4A33A700C2AF2D /* BMUserInfo.h */ = {isa = PBXFileReference; fileEncoding = 4; lastKnownFileType = sourcecode.c.h; path = BMUserInfo.h; sourceTree = "<group>"; };
		79F71F391D4A33A700C2AF2D /* BMUserInfo.m */ = {isa = PBXFileReference; fileEncoding = 4; lastKnownFileType = sourcecode.c.objc; path = BMUserInfo.m; sourceTree = "<group>"; };
		79F71F3C1D4A45E900C2AF2D /* NSObject+Log.h */ = {isa = PBXFileReference; fileEncoding = 4; lastKnownFileType = sourcecode.c.h; path = "NSObject+Log.h"; sourceTree = "<group>"; };
		79F71F3D1D4A45E900C2AF2D /* NSObject+Log.m */ = {isa = PBXFileReference; fileEncoding = 4; lastKnownFileType = sourcecode.c.objc; path = "NSObject+Log.m"; sourceTree = "<group>"; };
		79FBFBDF1D41DF00001C43C2 /* ComposeTextView.h */ = {isa = PBXFileReference; fileEncoding = 4; lastKnownFileType = sourcecode.c.h; path = ComposeTextView.h; sourceTree = "<group>"; };
		79FBFBE01D41DF00001C43C2 /* ComposeTextView.m */ = {isa = PBXFileReference; fileEncoding = 4; lastKnownFileType = sourcecode.c.objc; path = ComposeTextView.m; sourceTree = "<group>"; };
		79FBFBE51D41FCB2001C43C2 /* ComposePictureViewFlowLayout.h */ = {isa = PBXFileReference; fileEncoding = 4; lastKnownFileType = sourcecode.c.h; path = ComposePictureViewFlowLayout.h; sourceTree = "<group>"; };
		79FBFBE61D41FCB2001C43C2 /* ComposePictureViewFlowLayout.m */ = {isa = PBXFileReference; fileEncoding = 4; lastKnownFileType = sourcecode.c.objc; path = ComposePictureViewFlowLayout.m; sourceTree = "<group>"; };
		79FBFBE91D420904001C43C2 /* ComposePictureCell.h */ = {isa = PBXFileReference; fileEncoding = 4; lastKnownFileType = sourcecode.c.h; path = ComposePictureCell.h; sourceTree = "<group>"; };
		79FBFBEA1D420904001C43C2 /* ComposePictureCell.m */ = {isa = PBXFileReference; fileEncoding = 4; lastKnownFileType = sourcecode.c.objc; path = ComposePictureCell.m; sourceTree = "<group>"; };
		A0A211E21BCEDF89EC66AE60 /* Pods-BrickMan.release.xcconfig */ = {isa = PBXFileReference; includeInIndex = 1; lastKnownFileType = text.xcconfig; name = "Pods-BrickMan.release.xcconfig"; path = "Pods/Target Support Files/Pods-BrickMan/Pods-BrickMan.release.xcconfig"; sourceTree = "<group>"; };
		FA4C9206F9F9B3EB03F1F2A5 /* libPods-BrickMan.a */ = {isa = PBXFileReference; explicitFileType = archive.ar; includeInIndex = 0; path = "libPods-BrickMan.a"; sourceTree = BUILT_PRODUCTS_DIR; };
/* End PBXFileReference section */

/* Begin PBXFrameworksBuildPhase section */
		1BFD4CF01D3CCC3100ABE8E6 /* Frameworks */ = {
			isa = PBXFrameworksBuildPhase;
			buildActionMask = 2147483647;
			files = (
				79F71F2E1D49DAEC00C2AF2D /* libz.tbd in Frameworks */,
				79F71F2C1D49DAE200C2AF2D /* libstdc++.tbd in Frameworks */,
				79F71F2A1D49DAD700C2AF2D /* CoreTelephony.framework in Frameworks */,
				79F71F281D49DACD00C2AF2D /* libsqlite3.tbd in Frameworks */,
				79F71F261D49DAC100C2AF2D /* CoreGraphics.framework in Frameworks */,
				79F71F241D49DAB200C2AF2D /* SystemConfiguration.framework in Frameworks */,
				79F71F221D49DAA800C2AF2D /* libiconv.tbd in Frameworks */,
				79F71F201D49DA9900C2AF2D /* Security.framework in Frameworks */,
				5A1CD6C61D4847040007E4D1 /* WebKit.framework in Frameworks */,
				79F71F1E1D49DA2C00C2AF2D /* TencentOpenAPI.framework in Frameworks */,
				F6357FC9715FCF5B24D9C717 /* libPods-BrickMan.a in Frameworks */,
			);
			runOnlyForDeploymentPostprocessing = 0;
		};
		1BFD4D091D3CCC3100ABE8E6 /* Frameworks */ = {
			isa = PBXFrameworksBuildPhase;
			buildActionMask = 2147483647;
			files = (
			);
			runOnlyForDeploymentPostprocessing = 0;
		};
		1BFD4D141D3CCC3100ABE8E6 /* Frameworks */ = {
			isa = PBXFrameworksBuildPhase;
			buildActionMask = 2147483647;
			files = (
			);
			runOnlyForDeploymentPostprocessing = 0;
		};
/* End PBXFrameworksBuildPhase section */

/* Begin PBXGroup section */
		1BFD4CEA1D3CCC3100ABE8E6 = {
			isa = PBXGroup;
			children = (
				1BFD4CF51D3CCC3100ABE8E6 /* BrickMan */,
				1BFD4D0F1D3CCC3100ABE8E6 /* BrickManTests */,
				1BFD4D1A1D3CCC3100ABE8E6 /* BrickManUITests */,
				1BFD4CF41D3CCC3100ABE8E6 /* Products */,
				938BAFAA53FE39238BB03740 /* Frameworks */,
				6EDC3C92417E7165946949C4 /* Pods */,
			);
			sourceTree = "<group>";
		};
		1BFD4CF41D3CCC3100ABE8E6 /* Products */ = {
			isa = PBXGroup;
			children = (
				1BFD4CF31D3CCC3100ABE8E6 /* BrickMan.app */,
				1BFD4D0C1D3CCC3100ABE8E6 /* BrickManTests.xctest */,
				1BFD4D171D3CCC3100ABE8E6 /* BrickManUITests.xctest */,
			);
			name = Products;
			sourceTree = "<group>";
		};
		1BFD4CF51D3CCC3100ABE8E6 /* BrickMan */ = {
			isa = PBXGroup;
			children = (
				1BFD4CF91D3CCC3100ABE8E6 /* AppDelegate.h */,
				1BFD4CFA1D3CCC3100ABE8E6 /* AppDelegate.m */,
				1BFD4D041D3CCC3100ABE8E6 /* LaunchScreen.storyboard */,
				1BFD4D2C1D3CCC9800ABE8E6 /* Models */,
				1BFD4D2F1D3CCC9800ABE8E6 /* Views */,
				1BFD4D2A1D3CCC9800ABE8E6 /* Controllers */,
				1BFD4D2D1D3CCC9800ABE8E6 /* Utils */,
				30C5BB061D408167001DF9D2 /* Library */,
				1BFD4CF61D3CCC3100ABE8E6 /* Supporting Files */,
			);
			path = BrickMan;
			sourceTree = "<group>";
		};
		1BFD4CF61D3CCC3100ABE8E6 /* Supporting Files */ = {
			isa = PBXGroup;
			children = (
				30C5BB621D4240A1001DF9D2 /* data.json */,
				1BFD4CF71D3CCC3100ABE8E6 /* main.m */,
				1BFD4D071D3CCC3100ABE8E6 /* Info.plist */,
				1BFD4D291D3CCC8200ABE8E6 /* BrickMan-Prefix.pch */,
				1BFD4D021D3CCC3100ABE8E6 /* Assets.xcassets */,
			);
			name = "Supporting Files";
			sourceTree = "<group>";
		};
		1BFD4D0F1D3CCC3100ABE8E6 /* BrickManTests */ = {
			isa = PBXGroup;
			children = (
				1BFD4D101D3CCC3100ABE8E6 /* BrickManTests.m */,
				1BFD4D121D3CCC3100ABE8E6 /* Info.plist */,
			);
			path = BrickManTests;
			sourceTree = "<group>";
		};
		1BFD4D1A1D3CCC3100ABE8E6 /* BrickManUITests */ = {
			isa = PBXGroup;
			children = (
				1BFD4D1B1D3CCC3100ABE8E6 /* BrickManUITests.m */,
				1BFD4D1D1D3CCC3100ABE8E6 /* Info.plist */,
			);
			path = BrickManUITests;
			sourceTree = "<group>";
		};
		1BFD4D2A1D3CCC9800ABE8E6 /* Controllers */ = {
			isa = PBXGroup;
			children = (
				79F71F2F1D49DEE400C2AF2D /* Login */,
				30C5BB4B1D4209F7001DF9D2 /* Main */,
				795908091D40FCB500C72617 /* Publish */,
				5A52DE1C1D41D97100D28DB2 /* Mine */,
				1BFD4D2B1D3CCC9800ABE8E6 /* RootController */,
			);
			path = Controllers;
			sourceTree = "<group>";
		};
		1BFD4D2B1D3CCC9800ABE8E6 /* RootController */ = {
			isa = PBXGroup;
			children = (
				1BFD4D371D3CD09B00ABE8E6 /* BaseVC */,
				1BFD4D301D3CD02500ABE8E6 /* RootTabBarController.h */,
				1BFD4D311D3CD02500ABE8E6 /* RootTabBarController.m */,
				1BFD4D3B1D3CD0B500ABE8E6 /* MainViewController.h */,
				1BFD4D3C1D3CD0B500ABE8E6 /* MainViewController.m */,
				1BFD4D3E1D3CD0BF00ABE8E6 /* PublishViewController.h */,
				1BFD4D3F1D3CD0BF00ABE8E6 /* PublishViewController.m */,
				1BFD4D411D3CD0F100ABE8E6 /* MineViewController.h */,
				1BFD4D421D3CD0F100ABE8E6 /* MineViewController.m */,
			);
			path = RootController;
			sourceTree = "<group>";
		};
		1BFD4D2C1D3CCC9800ABE8E6 /* Models */ = {
			isa = PBXGroup;
			children = (
				79F71F371D4A25EA00C2AF2D /* UserInfo */,
				5A1CD6BE1D475F6E0007E4D1 /* Mine */,
			);
			path = Models;
			sourceTree = "<group>";
		};
		1BFD4D2D1D3CCC9800ABE8E6 /* Utils */ = {
			isa = PBXGroup;
			children = (
				79F71F3B1D4A45E900C2AF2D /* LogDetail */,
				5A52DE3A1D420D0200D28DB2 /* MyLog */,
				30C5BB291D40A09B001DF9D2 /* Common */,
				1BFD4D2E1D3CCC9800ABE8E6 /* Networking */,
				30F91D611D3DCC1A007D9BDB /* Category */,
			);
			path = Utils;
			sourceTree = "<group>";
		};
		1BFD4D2E1D3CCC9800ABE8E6 /* Networking */ = {
			isa = PBXGroup;
			children = (
				302D99FD1D3E058700F295A0 /* BrickManAPIManager.h */,
				302D99FE1D3E058700F295A0 /* BrickManAPIManager.m */,
				302D99F71D3DF34400F295A0 /* BrickManNetClient.h */,
				302D99F81D3DF34400F295A0 /* BrickManNetClient.m */,
			);
			path = Networking;
			sourceTree = "<group>";
		};
		1BFD4D2F1D3CCC9800ABE8E6 /* Views */ = {
			isa = PBXGroup;
			children = (
				79FBFBD91D41A5F7001C43C2 /* PublishView */,
				302576C01D3E4E5D00B393B8 /* Cell */,
				30C5BB1B1D408A20001DF9D2 /* BrickListView.h */,
				30C5BB1C1D408A20001DF9D2 /* BrickListView.m */,
				303529C31D4862AC00CFDD77 /* CommentInputView.h */,
				303529C41D4862AC00CFDD77 /* CommentInputView.m */,
				303529C61D4862BD00CFDD77 /* ShareView.h */,
				303529C71D4862BD00CFDD77 /* ShareView.m */,
			);
			path = Views;
			sourceTree = "<group>";
		};
		1BFD4D371D3CD09B00ABE8E6 /* BaseVC */ = {
			isa = PBXGroup;
			children = (
				1BFD4D381D3CD09B00ABE8E6 /* BaseViewController.h */,
				1BFD4D391D3CD09B00ABE8E6 /* BaseViewController.m */,
				302D9A001D3E069800F295A0 /* BaseNavigationController.h */,
				302D9A011D3E069800F295A0 /* BaseNavigationController.m */,
			);
			path = BaseVC;
			sourceTree = "<group>";
		};
		302576C01D3E4E5D00B393B8 /* Cell */ = {
			isa = PBXGroup;
			children = (
				30C5BAD51D406008001DF9D2 /* Main */,
				30C5BAD61D406008001DF9D2 /* Mine */,
				79FBFBE81D41FF14001C43C2 /* Publish */,
			);
			path = Cell;
			sourceTree = "<group>";
		};
		30C5BAD51D406008001DF9D2 /* Main */ = {
			isa = PBXGroup;
			children = (
				30C5BB6B1D425699001DF9D2 /* MainTableViewCell.h */,
				30C5BB6A1D425699001DF9D2 /* MainTableViewCell.m */,
				30C5BB421D411D8A001DF9D2 /* CommentCell.h */,
				30C5BB431D411D8A001DF9D2 /* CommentCell.m */,
				30C5BB521D4210A8001DF9D2 /* BrickPhotoCell.h */,
				30C5BB531D4210A8001DF9D2 /* BrickPhotoCell.m */,
			);
			path = Main;
			sourceTree = "<group>";
		};
		30C5BAD61D406008001DF9D2 /* Mine */ = {
			isa = PBXGroup;
			children = (
				30C5BAD71D406008001DF9D2 /* Mine_headerCell.h */,
				30C5BAD81D406008001DF9D2 /* Mine_headerCell.m */,
				30C5BAD91D406008001DF9D2 /* Mine_titleCell.h */,
				30C5BADA1D406008001DF9D2 /* Mine_titleCell.m */,
				5A52DE201D41DF7A00D28DB2 /* Mine_infoCell.h */,
				5A52DE211D41DF7A00D28DB2 /* Mine_infoCell.m */,
				5A1CD6C21D4773C30007E4D1 /* Mine_BrickCell.h */,
				5A1CD6C31D4773C30007E4D1 /* Mine_BrickCell.m */,
			);
			path = Mine;
			sourceTree = "<group>";
		};
		30C5BB061D408167001DF9D2 /* Library */ = {
			isa = PBXGroup;
			children = (
				5A52DE231D41ECC300D28DB2 /* MBProgressHUD+GR */,
				30C5BB111D40837E001DF9D2 /* XTSegmentControl */,
				30C5BB0D1D408250001DF9D2 /* iCarousel */,
			);
			path = Library;
			sourceTree = "<group>";
		};
		30C5BB0D1D408250001DF9D2 /* iCarousel */ = {
			isa = PBXGroup;
			children = (
				30C5BB0E1D408250001DF9D2 /* iCarousel.h */,
				30C5BB0F1D408250001DF9D2 /* iCarousel.m */,
			);
			path = iCarousel;
			sourceTree = "<group>";
		};
		30C5BB111D40837E001DF9D2 /* XTSegmentControl */ = {
			isa = PBXGroup;
			children = (
				30C5BB121D40837E001DF9D2 /* XTSegmentControl.h */,
				30C5BB131D40837E001DF9D2 /* XTSegmentControl.m */,
			);
			path = XTSegmentControl;
			sourceTree = "<group>";
		};
		30C5BB291D40A09B001DF9D2 /* Common */ = {
			isa = PBXGroup;
			children = (
				30C5BB2A1D40A09B001DF9D2 /* UITapImageView.h */,
				30C5BB2B1D40A09B001DF9D2 /* UITapImageView.m */,
				303529CD1D48766200CFDD77 /* UIPlaceHolderTextView.h */,
				303529CE1D48766200CFDD77 /* UIPlaceHolderTextView.m */,
			);
			path = Common;
			sourceTree = "<group>";
		};
		30C5BB4B1D4209F7001DF9D2 /* Main */ = {
			isa = PBXGroup;
			children = (
				30C5BB4C1D4209F8001DF9D2 /* DetailBrickViewController.h */,
				30C5BB4D1D4209F8001DF9D2 /* DetailBrickViewController.m */,
			);
			path = Main;
			sourceTree = "<group>";
		};
		30F91D611D3DCC1A007D9BDB /* Category */ = {
			isa = PBXGroup;
			children = (
				30F91D621D3DCC1F007D9BDB /* UIViewExt.h */,
				30F91D631D3DCC1F007D9BDB /* UIViewExt.m */,
				30F91D741D3DE8F3007D9BDB /* UIImage+Common.h */,
				30F91D751D3DE8F3007D9BDB /* UIImage+Common.m */,
				302D99FA1D3DF45C00F295A0 /* NSObject+Common.h */,
				302D99FB1D3DF45C00F295A0 /* NSObject+Common.m */,
				30721A831D3E587A00D54E09 /* UITableView+Common.h */,
				30721A841D3E587A00D54E09 /* UITableView+Common.m */,
				30C5BAE41D40655E001DF9D2 /* UILabel+Common.h */,
				30C5BAE51D40655E001DF9D2 /* UILabel+Common.m */,
				30C5BAE71D406594001DF9D2 /* NSString+Common.h */,
				30C5BAE81D406594001DF9D2 /* NSString+Common.m */,
				30C5BB181D4084A1001DF9D2 /* UIColor+expanded.h */,
				30C5BB191D4084A1001DF9D2 /* UIColor+expanded.m */,
				7959080A1D4107F000C72617 /* UIAlertController+Common.h */,
				7959080B1D4107F000C72617 /* UIAlertController+Common.m */,
				5A686DEC1D445DFC00455FB2 /* UITextField+Common.h */,
				5A686DED1D445DFC00455FB2 /* UITextField+Common.m */,
				5A686DF21D446FB500455FB2 /* UITextView+Common.h */,
				5A686DF31D446FB500455FB2 /* UITextView+Common.m */,
			);
			path = Category;
			sourceTree = "<group>";
		};
		5A1CD6BE1D475F6E0007E4D1 /* Mine */ = {
			isa = PBXGroup;
			children = (
				5A1CD6BF1D476E670007E4D1 /* Mine_BrickModel.h */,
				5A1CD6C01D476E670007E4D1 /* Mine_BrickModel.m */,
			);
			path = Mine;
			sourceTree = "<group>";
		};
		5A52DE1C1D41D97100D28DB2 /* Mine */ = {
			isa = PBXGroup;
			children = (
				5A52DE331D41F1D800D28DB2 /* MineInfo */,
				5A52DE1D1D41D9DB00D28DB2 /* PersonInfoController.h */,
				5A52DE1E1D41D9DB00D28DB2 /* PersonInfoController.m */,
				5A52DE271D41EF1000D28DB2 /* GalleryController.h */,
				5A52DE281D41EF1000D28DB2 /* GalleryController.m */,
				5A52DE2A1D41EF4C00D28DB2 /* BrickController.h */,
				5A52DE2B1D41EF4C00D28DB2 /* BrickController.m */,
				5A52DE2D1D41EF5E00D28DB2 /* FlowerController.h */,
				5A52DE2E1D41EF5E00D28DB2 /* FlowerController.m */,
				5A52DE301D41EF7400D28DB2 /* AboutController.h */,
				5A52DE311D41EF7400D28DB2 /* AboutController.m */,
			);
			path = Mine;
			sourceTree = "<group>";
		};
		5A52DE231D41ECC300D28DB2 /* MBProgressHUD+GR */ = {
			isa = PBXGroup;
			children = (
				5A52DE241D41ECC300D28DB2 /* MBProgressHUD+GR.h */,
				5A52DE251D41ECC300D28DB2 /* MBProgressHUD+GR.m */,
			);
			path = "MBProgressHUD+GR";
			sourceTree = "<group>";
		};
		5A52DE331D41F1D800D28DB2 /* MineInfo */ = {
			isa = PBXGroup;
			children = (
				5A52DE341D41F21A00D28DB2 /* HeadEditController.h */,
				5A52DE351D41F21A00D28DB2 /* HeadEditController.m */,
				5A52DE371D41FCB500D28DB2 /* CutHeadController.h */,
				5A52DE381D41FCB500D28DB2 /* CutHeadController.m */,
				5A686DEF1D44629800455FB2 /* MottoController.h */,
				5A686DF01D44629800455FB2 /* MottoController.m */,
			);
			path = MineInfo;
			sourceTree = "<group>";
		};
		5A52DE3A1D420D0200D28DB2 /* MyLog */ = {
			isa = PBXGroup;
			children = (
				5A52DE3B1D420D0200D28DB2 /* MyLog.h */,
				5A52DE3C1D420D0200D28DB2 /* MyLog.m */,
			);
			path = MyLog;
			sourceTree = "<group>";
		};
		6EDC3C92417E7165946949C4 /* Pods */ = {
			isa = PBXGroup;
			children = (
				55710C9B5A35144F8189BE32 /* Pods-BrickMan.debug.xcconfig */,
				A0A211E21BCEDF89EC66AE60 /* Pods-BrickMan.release.xcconfig */,
			);
			name = Pods;
			sourceTree = "<group>";
		};
		795908091D40FCB500C72617 /* Publish */ = {
			isa = PBXGroup;
			children = (
				7907306C1D4114A700E726E2 /* ComposeViewController.h */,
				7907306D1D4114A700E726E2 /* ComposeViewController.m */,
			);
			path = Publish;
			sourceTree = "<group>";
		};
		79F71F2F1D49DEE400C2AF2D /* Login */ = {
			isa = PBXGroup;
			children = (
				79F71F301D49DF1100C2AF2D /* BMLoginViewController.h */,
				79F71F311D49DF1100C2AF2D /* BMLoginViewController.m */,
			);
			path = Login;
			sourceTree = "<group>";
		};
		79F71F371D4A25EA00C2AF2D /* UserInfo */ = {
			isa = PBXGroup;
			children = (
				79F71F381D4A33A700C2AF2D /* BMUserInfo.h */,
				79F71F391D4A33A700C2AF2D /* BMUserInfo.m */,
			);
			path = UserInfo;
			sourceTree = "<group>";
		};
		79F71F3B1D4A45E900C2AF2D /* LogDetail */ = {
			isa = PBXGroup;
			children = (
				79F71F3C1D4A45E900C2AF2D /* NSObject+Log.h */,
				79F71F3D1D4A45E900C2AF2D /* NSObject+Log.m */,
			);
			path = LogDetail;
			sourceTree = "<group>";
		};
		79FBFBD91D41A5F7001C43C2 /* PublishView */ = {
			isa = PBXGroup;
			children = (
				79FBFBDF1D41DF00001C43C2 /* ComposeTextView.h */,
				79FBFBE01D41DF00001C43C2 /* ComposeTextView.m */,
				79FBFBE51D41FCB2001C43C2 /* ComposePictureViewFlowLayout.h */,
				79FBFBE61D41FCB2001C43C2 /* ComposePictureViewFlowLayout.m */,
			);
			path = PublishView;
			sourceTree = "<group>";
		};
		79FBFBE81D41FF14001C43C2 /* Publish */ = {
			isa = PBXGroup;
			children = (
				79FBFBE91D420904001C43C2 /* ComposePictureCell.h */,
				79FBFBEA1D420904001C43C2 /* ComposePictureCell.m */,
			);
			path = Publish;
			sourceTree = "<group>";
		};
		938BAFAA53FE39238BB03740 /* Frameworks */ = {
			isa = PBXGroup;
			children = (
				79F71F2D1D49DAEC00C2AF2D /* libz.tbd */,
				79F71F2B1D49DAE200C2AF2D /* libstdc++.tbd */,
				79F71F291D49DAD700C2AF2D /* CoreTelephony.framework */,
				79F71F271D49DACD00C2AF2D /* libsqlite3.tbd */,
				79F71F251D49DAC100C2AF2D /* CoreGraphics.framework */,
				79F71F231D49DAB200C2AF2D /* SystemConfiguration.framework */,
				79F71F211D49DAA800C2AF2D /* libiconv.tbd */,
				79F71F1F1D49DA9900C2AF2D /* Security.framework */,
				79F71F1B1D49DA2C00C2AF2D /* TencentOpenApi_IOS_Bundle.bundle */,
				79F71F1C1D49DA2C00C2AF2D /* TencentOpenAPI.framework */,
				5A1CD6C51D4847040007E4D1 /* WebKit.framework */,
				FA4C9206F9F9B3EB03F1F2A5 /* libPods-BrickMan.a */,
			);
			name = Frameworks;
			sourceTree = "<group>";
		};
/* End PBXGroup section */

/* Begin PBXNativeTarget section */
		1BFD4CF21D3CCC3100ABE8E6 /* BrickMan */ = {
			isa = PBXNativeTarget;
			buildConfigurationList = 1BFD4D201D3CCC3100ABE8E6 /* Build configuration list for PBXNativeTarget "BrickMan" */;
			buildPhases = (
				20E05CD2F2AB0931248F5451 /* [CP] Check Pods Manifest.lock */,
				1BFD4CEF1D3CCC3100ABE8E6 /* Sources */,
				1BFD4CF01D3CCC3100ABE8E6 /* Frameworks */,
				1BFD4CF11D3CCC3100ABE8E6 /* Resources */,
				2FBDA946492EA837C3FE133A /* [CP] Embed Pods Frameworks */,
				D1AB16CBCE247017ADF74C41 /* [CP] Copy Pods Resources */,
			);
			buildRules = (
			);
			dependencies = (
			);
			name = BrickMan;
			productName = BrickMan;
			productReference = 1BFD4CF31D3CCC3100ABE8E6 /* BrickMan.app */;
			productType = "com.apple.product-type.application";
		};
		1BFD4D0B1D3CCC3100ABE8E6 /* BrickManTests */ = {
			isa = PBXNativeTarget;
			buildConfigurationList = 1BFD4D231D3CCC3100ABE8E6 /* Build configuration list for PBXNativeTarget "BrickManTests" */;
			buildPhases = (
				1BFD4D081D3CCC3100ABE8E6 /* Sources */,
				1BFD4D091D3CCC3100ABE8E6 /* Frameworks */,
				1BFD4D0A1D3CCC3100ABE8E6 /* Resources */,
			);
			buildRules = (
			);
			dependencies = (
				1BFD4D0E1D3CCC3100ABE8E6 /* PBXTargetDependency */,
			);
			name = BrickManTests;
			productName = BrickManTests;
			productReference = 1BFD4D0C1D3CCC3100ABE8E6 /* BrickManTests.xctest */;
			productType = "com.apple.product-type.bundle.unit-test";
		};
		1BFD4D161D3CCC3100ABE8E6 /* BrickManUITests */ = {
			isa = PBXNativeTarget;
			buildConfigurationList = 1BFD4D261D3CCC3100ABE8E6 /* Build configuration list for PBXNativeTarget "BrickManUITests" */;
			buildPhases = (
				1BFD4D131D3CCC3100ABE8E6 /* Sources */,
				1BFD4D141D3CCC3100ABE8E6 /* Frameworks */,
				1BFD4D151D3CCC3100ABE8E6 /* Resources */,
			);
			buildRules = (
			);
			dependencies = (
				1BFD4D191D3CCC3100ABE8E6 /* PBXTargetDependency */,
			);
			name = BrickManUITests;
			productName = BrickManUITests;
			productReference = 1BFD4D171D3CCC3100ABE8E6 /* BrickManUITests.xctest */;
			productType = "com.apple.product-type.bundle.ui-testing";
		};
/* End PBXNativeTarget section */

/* Begin PBXProject section */
		1BFD4CEB1D3CCC3100ABE8E6 /* Project object */ = {
			isa = PBXProject;
			attributes = {
				CLASSPREFIX = BM;
				LastUpgradeCheck = 0730;
				ORGANIZATIONNAME = BrickMan;
				TargetAttributes = {
					1BFD4CF21D3CCC3100ABE8E6 = {
						CreatedOnToolsVersion = 7.3.1;
						DevelopmentTeam = EPSPHDMRQR;
					};
					1BFD4D0B1D3CCC3100ABE8E6 = {
						CreatedOnToolsVersion = 7.3.1;
						TestTargetID = 1BFD4CF21D3CCC3100ABE8E6;
					};
					1BFD4D161D3CCC3100ABE8E6 = {
						CreatedOnToolsVersion = 7.3.1;
						TestTargetID = 1BFD4CF21D3CCC3100ABE8E6;
					};
				};
			};
			buildConfigurationList = 1BFD4CEE1D3CCC3100ABE8E6 /* Build configuration list for PBXProject "BrickMan" */;
			compatibilityVersion = "Xcode 3.2";
			developmentRegion = English;
			hasScannedForEncodings = 0;
			knownRegions = (
				en,
				Base,
			);
			mainGroup = 1BFD4CEA1D3CCC3100ABE8E6;
			productRefGroup = 1BFD4CF41D3CCC3100ABE8E6 /* Products */;
			projectDirPath = "";
			projectRoot = "";
			targets = (
				1BFD4CF21D3CCC3100ABE8E6 /* BrickMan */,
				1BFD4D0B1D3CCC3100ABE8E6 /* BrickManTests */,
				1BFD4D161D3CCC3100ABE8E6 /* BrickManUITests */,
			);
		};
/* End PBXProject section */

/* Begin PBXResourcesBuildPhase section */
		1BFD4CF11D3CCC3100ABE8E6 /* Resources */ = {
			isa = PBXResourcesBuildPhase;
			buildActionMask = 2147483647;
			files = (
				30C5BB631D4240A1001DF9D2 /* data.json in Resources */,
			);
			runOnlyForDeploymentPostprocessing = 0;
		};
		1BFD4D0A1D3CCC3100ABE8E6 /* Resources */ = {
			isa = PBXResourcesBuildPhase;
			buildActionMask = 2147483647;
			files = (
			);
			runOnlyForDeploymentPostprocessing = 0;
		};
		1BFD4D151D3CCC3100ABE8E6 /* Resources */ = {
			isa = PBXResourcesBuildPhase;
			buildActionMask = 2147483647;
			files = (
			);
			runOnlyForDeploymentPostprocessing = 0;
		};
/* End PBXResourcesBuildPhase section */

/* Begin PBXShellScriptBuildPhase section */
		20E05CD2F2AB0931248F5451 /* [CP] Check Pods Manifest.lock */ = {
			isa = PBXShellScriptBuildPhase;
			buildActionMask = 2147483647;
			files = (
			);
			inputPaths = (
			);
			name = "[CP] Check Pods Manifest.lock";
			outputPaths = (
			);
			runOnlyForDeploymentPostprocessing = 0;
			shellPath = /bin/sh;
			shellScript = "diff \"${PODS_ROOT}/../Podfile.lock\" \"${PODS_ROOT}/Manifest.lock\" > /dev/null\nif [[ $? != 0 ]] ; then\n    cat << EOM\nerror: The sandbox is not in sync with the Podfile.lock. Run 'pod install' or update your CocoaPods installation.\nEOM\n    exit 1\nfi\n";
			showEnvVarsInLog = 0;
		};
		2FBDA946492EA837C3FE133A /* [CP] Embed Pods Frameworks */ = {
			isa = PBXShellScriptBuildPhase;
			buildActionMask = 2147483647;
			files = (
			);
			inputPaths = (
			);
			name = "[CP] Embed Pods Frameworks";
			outputPaths = (
			);
			runOnlyForDeploymentPostprocessing = 0;
			shellPath = /bin/sh;
			shellScript = "\"${SRCROOT}/Pods/Target Support Files/Pods-BrickMan/Pods-BrickMan-frameworks.sh\"\n";
			showEnvVarsInLog = 0;
		};
		D1AB16CBCE247017ADF74C41 /* [CP] Copy Pods Resources */ = {
			isa = PBXShellScriptBuildPhase;
			buildActionMask = 2147483647;
			files = (
			);
			inputPaths = (
			);
			name = "[CP] Copy Pods Resources";
			outputPaths = (
			);
			runOnlyForDeploymentPostprocessing = 0;
			shellPath = /bin/sh;
			shellScript = "\"${SRCROOT}/Pods/Target Support Files/Pods-BrickMan/Pods-BrickMan-resources.sh\"\n";
			showEnvVarsInLog = 0;
		};
/* End PBXShellScriptBuildPhase section */

/* Begin PBXSourcesBuildPhase section */
		1BFD4CEF1D3CCC3100ABE8E6 /* Sources */ = {
			isa = PBXSourcesBuildPhase;
			buildActionMask = 2147483647;
			files = (
				30C5BB3A1D40B468001DF9D2 /* BaseViewController.m in Sources */,
				5A52DE2C1D41EF4C00D28DB2 /* BrickController.m in Sources */,
				5A686DF41D446FB500455FB2 /* UITextView+Common.m in Sources */,
				30F91D641D3DCC1F007D9BDB /* UIViewExt.m in Sources */,
				30C5BAE91D406594001DF9D2 /* NSString+Common.m in Sources */,
				30C5BB1A1D4084A1001DF9D2 /* UIColor+expanded.m in Sources */,
				5A52DE1F1D41D9DB00D28DB2 /* PersonInfoController.m in Sources */,
				30C5BB4E1D4209F8001DF9D2 /* DetailBrickViewController.m in Sources */,
				1BFD4D3D1D3CD0B500ABE8E6 /* MainViewController.m in Sources */,
				30C5BAE61D40655E001DF9D2 /* UILabel+Common.m in Sources */,
				30C5BADC1D406008001DF9D2 /* Mine_titleCell.m in Sources */,
				302D99FF1D3E058700F295A0 /* BrickManAPIManager.m in Sources */,
				5A1CD6C11D476E670007E4D1 /* Mine_BrickModel.m in Sources */,
				5A52DE391D41FCB500D28DB2 /* CutHeadController.m in Sources */,
				5A1CD6C41D4773C30007E4D1 /* Mine_BrickCell.m in Sources */,
				79F71F3A1D4A33A700C2AF2D /* BMUserInfo.m in Sources */,
				30C5BB1D1D408A20001DF9D2 /* BrickListView.m in Sources */,
				5A52DE291D41EF1000D28DB2 /* GalleryController.m in Sources */,
				303529CF1D48766200CFDD77 /* UIPlaceHolderTextView.m in Sources */,
				30721A851D3E587A00D54E09 /* UITableView+Common.m in Sources */,
				30C5BB6C1D425699001DF9D2 /* MainTableViewCell.m in Sources */,
				7959080C1D4107F000C72617 /* UIAlertController+Common.m in Sources */,
				30C5BB541D4210A8001DF9D2 /* BrickPhotoCell.m in Sources */,
				5A686DEE1D445DFC00455FB2 /* UITextField+Common.m in Sources */,
				30C5BB2C1D40A09B001DF9D2 /* UITapImageView.m in Sources */,
				79FBFBE71D41FCB2001C43C2 /* ComposePictureViewFlowLayout.m in Sources */,
				1BFD4D401D3CD0BF00ABE8E6 /* PublishViewController.m in Sources */,
				79F71F321D49DF1100C2AF2D /* BMLoginViewController.m in Sources */,
				303529C81D4862BD00CFDD77 /* ShareView.m in Sources */,
				5A686DF11D44629800455FB2 /* MottoController.m in Sources */,
				1BFD4D321D3CD02500ABE8E6 /* RootTabBarController.m in Sources */,
				303529C51D4862AC00CFDD77 /* CommentInputView.m in Sources */,
				5A52DE221D41DF7A00D28DB2 /* Mine_infoCell.m in Sources */,
				302D9A021D3E069800F295A0 /* BaseNavigationController.m in Sources */,
				79FBFBEB1D420904001C43C2 /* ComposePictureCell.m in Sources */,
				1BFD4CFB1D3CCC3100ABE8E6 /* AppDelegate.m in Sources */,
				30C5BB101D408250001DF9D2 /* iCarousel.m in Sources */,
				5A52DE361D41F21A00D28DB2 /* HeadEditController.m in Sources */,
				5A52DE261D41ECC300D28DB2 /* MBProgressHUD+GR.m in Sources */,
				30C5BB441D411D8A001DF9D2 /* CommentCell.m in Sources */,
				30F91D761D3DE8F3007D9BDB /* UIImage+Common.m in Sources */,
				5A52DE2F1D41EF5E00D28DB2 /* FlowerController.m in Sources */,
				30C5BADB1D406008001DF9D2 /* Mine_headerCell.m in Sources */,
				302D99F91D3DF34400F295A0 /* BrickManNetClient.m in Sources */,
				1BFD4D431D3CD0F100ABE8E6 /* MineViewController.m in Sources */,
				5A52DE3D1D420D0200D28DB2 /* MyLog.m in Sources */,
				5A52DE321D41EF7400D28DB2 /* AboutController.m in Sources */,
				1BFD4CF81D3CCC3100ABE8E6 /* main.m in Sources */,
				7907306E1D4114A700E726E2 /* ComposeViewController.m in Sources */,
				30C5BB141D40837E001DF9D2 /* XTSegmentControl.m in Sources */,
				302D99FC1D3DF45C00F295A0 /* NSObject+Common.m in Sources */,
				79FBFBE11D41DF00001C43C2 /* ComposeTextView.m in Sources */,
			);
			runOnlyForDeploymentPostprocessing = 0;
		};
		1BFD4D081D3CCC3100ABE8E6 /* Sources */ = {
			isa = PBXSourcesBuildPhase;
			buildActionMask = 2147483647;
			files = (
				1BFD4D111D3CCC3100ABE8E6 /* BrickManTests.m in Sources */,
			);
			runOnlyForDeploymentPostprocessing = 0;
		};
		1BFD4D131D3CCC3100ABE8E6 /* Sources */ = {
			isa = PBXSourcesBuildPhase;
			buildActionMask = 2147483647;
			files = (
				30C5BB6D1D430C80001DF9D2 /* MainTableViewCell.m in Sources */,
				1BFD4D1C1D3CCC3100ABE8E6 /* BrickManUITests.m in Sources */,
			);
			runOnlyForDeploymentPostprocessing = 0;
		};
/* End PBXSourcesBuildPhase section */

/* Begin PBXTargetDependency section */
		1BFD4D0E1D3CCC3100ABE8E6 /* PBXTargetDependency */ = {
			isa = PBXTargetDependency;
			target = 1BFD4CF21D3CCC3100ABE8E6 /* BrickMan */;
			targetProxy = 1BFD4D0D1D3CCC3100ABE8E6 /* PBXContainerItemProxy */;
		};
		1BFD4D191D3CCC3100ABE8E6 /* PBXTargetDependency */ = {
			isa = PBXTargetDependency;
			target = 1BFD4CF21D3CCC3100ABE8E6 /* BrickMan */;
			targetProxy = 1BFD4D181D3CCC3100ABE8E6 /* PBXContainerItemProxy */;
		};
/* End PBXTargetDependency section */

/* Begin PBXVariantGroup section */
		1BFD4D041D3CCC3100ABE8E6 /* LaunchScreen.storyboard */ = {
			isa = PBXVariantGroup;
			children = (
				1BFD4D051D3CCC3100ABE8E6 /* Base */,
			);
			name = LaunchScreen.storyboard;
			sourceTree = "<group>";
		};
/* End PBXVariantGroup section */

/* Begin XCBuildConfiguration section */
		1BFD4D1E1D3CCC3100ABE8E6 /* Debug */ = {
			isa = XCBuildConfiguration;
			buildSettings = {
				ALWAYS_SEARCH_USER_PATHS = NO;
				CLANG_ANALYZER_NONNULL = YES;
				CLANG_CXX_LANGUAGE_STANDARD = "gnu++0x";
				CLANG_CXX_LIBRARY = "libc++";
				CLANG_ENABLE_MODULES = YES;
				CLANG_ENABLE_OBJC_ARC = YES;
				CLANG_WARN_BOOL_CONVERSION = YES;
				CLANG_WARN_CONSTANT_CONVERSION = YES;
				CLANG_WARN_DIRECT_OBJC_ISA_USAGE = YES_ERROR;
				CLANG_WARN_EMPTY_BODY = YES;
				CLANG_WARN_ENUM_CONVERSION = YES;
				CLANG_WARN_INT_CONVERSION = YES;
				CLANG_WARN_OBJC_ROOT_CLASS = YES_ERROR;
				CLANG_WARN_UNREACHABLE_CODE = YES;
				CLANG_WARN__DUPLICATE_METHOD_MATCH = YES;
				"CODE_SIGN_IDENTITY[sdk=iphoneos*]" = "iPhone Developer";
				COPY_PHASE_STRIP = NO;
				DEBUG_INFORMATION_FORMAT = dwarf;
				ENABLE_STRICT_OBJC_MSGSEND = YES;
				ENABLE_TESTABILITY = YES;
				GCC_C_LANGUAGE_STANDARD = gnu99;
				GCC_DYNAMIC_NO_PIC = NO;
				GCC_NO_COMMON_BLOCKS = YES;
				GCC_OPTIMIZATION_LEVEL = 0;
				GCC_PREPROCESSOR_DEFINITIONS = (
					"DEBUG=1",
					"$(inherited)",
				);
				GCC_WARN_64_TO_32_BIT_CONVERSION = YES;
				GCC_WARN_ABOUT_RETURN_TYPE = YES_ERROR;
				GCC_WARN_UNDECLARED_SELECTOR = YES;
				GCC_WARN_UNINITIALIZED_AUTOS = YES_AGGRESSIVE;
				GCC_WARN_UNUSED_FUNCTION = YES;
				GCC_WARN_UNUSED_VARIABLE = YES;
				IPHONEOS_DEPLOYMENT_TARGET = 8.0;
				MTL_ENABLE_DEBUG_INFO = YES;
				ONLY_ACTIVE_ARCH = YES;
				SDKROOT = iphoneos;
			};
			name = Debug;
		};
		1BFD4D1F1D3CCC3100ABE8E6 /* Release */ = {
			isa = XCBuildConfiguration;
			buildSettings = {
				ALWAYS_SEARCH_USER_PATHS = NO;
				CLANG_ANALYZER_NONNULL = YES;
				CLANG_CXX_LANGUAGE_STANDARD = "gnu++0x";
				CLANG_CXX_LIBRARY = "libc++";
				CLANG_ENABLE_MODULES = YES;
				CLANG_ENABLE_OBJC_ARC = YES;
				CLANG_WARN_BOOL_CONVERSION = YES;
				CLANG_WARN_CONSTANT_CONVERSION = YES;
				CLANG_WARN_DIRECT_OBJC_ISA_USAGE = YES_ERROR;
				CLANG_WARN_EMPTY_BODY = YES;
				CLANG_WARN_ENUM_CONVERSION = YES;
				CLANG_WARN_INT_CONVERSION = YES;
				CLANG_WARN_OBJC_ROOT_CLASS = YES_ERROR;
				CLANG_WARN_UNREACHABLE_CODE = YES;
				CLANG_WARN__DUPLICATE_METHOD_MATCH = YES;
				"CODE_SIGN_IDENTITY[sdk=iphoneos*]" = "iPhone Developer";
				COPY_PHASE_STRIP = NO;
				DEBUG_INFORMATION_FORMAT = "dwarf-with-dsym";
				ENABLE_NS_ASSERTIONS = NO;
				ENABLE_STRICT_OBJC_MSGSEND = YES;
				GCC_C_LANGUAGE_STANDARD = gnu99;
				GCC_NO_COMMON_BLOCKS = YES;
				GCC_WARN_64_TO_32_BIT_CONVERSION = YES;
				GCC_WARN_ABOUT_RETURN_TYPE = YES_ERROR;
				GCC_WARN_UNDECLARED_SELECTOR = YES;
				GCC_WARN_UNINITIALIZED_AUTOS = YES_AGGRESSIVE;
				GCC_WARN_UNUSED_FUNCTION = YES;
				GCC_WARN_UNUSED_VARIABLE = YES;
				IPHONEOS_DEPLOYMENT_TARGET = 8.0;
				MTL_ENABLE_DEBUG_INFO = NO;
				SDKROOT = iphoneos;
				VALIDATE_PRODUCT = YES;
			};
			name = Release;
		};
		1BFD4D211D3CCC3100ABE8E6 /* Debug */ = {
			isa = XCBuildConfiguration;
			baseConfigurationReference = 55710C9B5A35144F8189BE32 /* Pods-BrickMan.debug.xcconfig */;
			buildSettings = {
				ASSETCATALOG_COMPILER_APPICON_NAME = AppIcon;
				CODE_SIGN_IDENTITY = "iPhone Developer";
				"CODE_SIGN_IDENTITY[sdk=iphoneos*]" = "iPhone Developer";
				FRAMEWORK_SEARCH_PATHS = (
					"$(inherited)",
					"$(PROJECT_DIR)",
				);
				GCC_PREFIX_HEADER = "$(SRCROOT)/BrickMan/BrickMan-Prefix.pch";
				INFOPLIST_FILE = BrickMan/Info.plist;
				IPHONEOS_DEPLOYMENT_TARGET = 8.0;
				LD_RUNPATH_SEARCH_PATHS = "$(inherited) @executable_path/Frameworks";
				OTHER_LDFLAGS = (
					"$(inherited)",
					"-ObjC",
					"-l\"AFNetworking\"",
					"-l\"MBProgressHUD\"",
					"-l\"Masonry\"",
					"-framework",
					"\"CoreGraphics\"",
					"-framework",
					"\"Foundation\"",
					"-framework",
					"\"MobileCoreServices\"",
					"-framework",
					"\"Security\"",
					"-framework",
					"\"SystemConfiguration\"",
					"-framework",
					"\"UIKit\"",
					"-fobjc-arc",
				);
				PRODUCT_BUNDLE_IDENTIFIER = com.brickman.app;
				PRODUCT_NAME = "$(TARGET_NAME)";
				PROVISIONING_PROFILE = "";
			};
			name = Debug;
		};
		1BFD4D221D3CCC3100ABE8E6 /* Release */ = {
			isa = XCBuildConfiguration;
			baseConfigurationReference = A0A211E21BCEDF89EC66AE60 /* Pods-BrickMan.release.xcconfig */;
			buildSettings = {
				ASSETCATALOG_COMPILER_APPICON_NAME = AppIcon;
				CODE_SIGN_IDENTITY = "iPhone Developer";
				"CODE_SIGN_IDENTITY[sdk=iphoneos*]" = "iPhone Developer";
				FRAMEWORK_SEARCH_PATHS = (
					"$(inherited)",
					"$(PROJECT_DIR)",
				);
				GCC_PREFIX_HEADER = "$(SRCROOT)/BrickMan/BrickMan-Prefix.pch";
				INFOPLIST_FILE = BrickMan/Info.plist;
				IPHONEOS_DEPLOYMENT_TARGET = 8.0;
				LD_RUNPATH_SEARCH_PATHS = "$(inherited) @executable_path/Frameworks";
				OTHER_LDFLAGS = (
					"$(inherited)",
					"-ObjC",
					"-l\"AFNetworking\"",
					"-l\"MBProgressHUD\"",
					"-l\"Masonry\"",
					"-framework",
					"\"CoreGraphics\"",
					"-framework",
					"\"Foundation\"",
					"-framework",
					"\"MobileCoreServices\"",
					"-framework",
					"\"Security\"",
					"-framework",
					"\"SystemConfiguration\"",
					"-framework",
					"\"UIKit\"",
					"-fobjc-arc",
				);
				PRODUCT_BUNDLE_IDENTIFIER = com.brickman.app;
				PRODUCT_NAME = "$(TARGET_NAME)";
				PROVISIONING_PROFILE = "";
			};
			name = Release;
		};
		1BFD4D241D3CCC3100ABE8E6 /* Debug */ = {
			isa = XCBuildConfiguration;
			buildSettings = {
				BUNDLE_LOADER = "$(TEST_HOST)";
				INFOPLIST_FILE = BrickManTests/Info.plist;
				LD_RUNPATH_SEARCH_PATHS = "$(inherited) @executable_path/Frameworks @loader_path/Frameworks";
				PRODUCT_BUNDLE_IDENTIFIER = TZ.BrickManTests;
				PRODUCT_NAME = "$(TARGET_NAME)";
				TEST_HOST = "$(BUILT_PRODUCTS_DIR)/BrickMan.app/BrickMan";
			};
			name = Debug;
		};
		1BFD4D251D3CCC3100ABE8E6 /* Release */ = {
			isa = XCBuildConfiguration;
			buildSettings = {
				BUNDLE_LOADER = "$(TEST_HOST)";
				INFOPLIST_FILE = BrickManTests/Info.plist;
				LD_RUNPATH_SEARCH_PATHS = "$(inherited) @executable_path/Frameworks @loader_path/Frameworks";
				PRODUCT_BUNDLE_IDENTIFIER = TZ.BrickManTests;
				PRODUCT_NAME = "$(TARGET_NAME)";
				TEST_HOST = "$(BUILT_PRODUCTS_DIR)/BrickMan.app/BrickMan";
			};
			name = Release;
		};
		1BFD4D271D3CCC3100ABE8E6 /* Debug */ = {
			isa = XCBuildConfiguration;
			buildSettings = {
				INFOPLIST_FILE = BrickManUITests/Info.plist;
				LD_RUNPATH_SEARCH_PATHS = "$(inherited) @executable_path/Frameworks @loader_path/Frameworks";
				PRODUCT_BUNDLE_IDENTIFIER = TZ.BrickManUITests;
				PRODUCT_NAME = "$(TARGET_NAME)";
				TEST_TARGET_NAME = BrickMan;
			};
			name = Debug;
		};
		1BFD4D281D3CCC3100ABE8E6 /* Release */ = {
			isa = XCBuildConfiguration;
			buildSettings = {
				INFOPLIST_FILE = BrickManUITests/Info.plist;
				LD_RUNPATH_SEARCH_PATHS = "$(inherited) @executable_path/Frameworks @loader_path/Frameworks";
				PRODUCT_BUNDLE_IDENTIFIER = TZ.BrickManUITests;
				PRODUCT_NAME = "$(TARGET_NAME)";
				TEST_TARGET_NAME = BrickMan;
			};
			name = Release;
		};
/* End XCBuildConfiguration section */

/* Begin XCConfigurationList section */
		1BFD4CEE1D3CCC3100ABE8E6 /* Build configuration list for PBXProject "BrickMan" */ = {
			isa = XCConfigurationList;
			buildConfigurations = (
				1BFD4D1E1D3CCC3100ABE8E6 /* Debug */,
				1BFD4D1F1D3CCC3100ABE8E6 /* Release */,
			);
			defaultConfigurationIsVisible = 0;
			defaultConfigurationName = Release;
		};
		1BFD4D201D3CCC3100ABE8E6 /* Build configuration list for PBXNativeTarget "BrickMan" */ = {
			isa = XCConfigurationList;
			buildConfigurations = (
				1BFD4D211D3CCC3100ABE8E6 /* Debug */,
				1BFD4D221D3CCC3100ABE8E6 /* Release */,
			);
			defaultConfigurationIsVisible = 0;
			defaultConfigurationName = Release;
		};
		1BFD4D231D3CCC3100ABE8E6 /* Build configuration list for PBXNativeTarget "BrickManTests" */ = {
			isa = XCConfigurationList;
			buildConfigurations = (
				1BFD4D241D3CCC3100ABE8E6 /* Debug */,
				1BFD4D251D3CCC3100ABE8E6 /* Release */,
			);
			defaultConfigurationIsVisible = 0;
			defaultConfigurationName = Release;
		};
		1BFD4D261D3CCC3100ABE8E6 /* Build configuration list for PBXNativeTarget "BrickManUITests" */ = {
			isa = XCConfigurationList;
			buildConfigurations = (
				1BFD4D271D3CCC3100ABE8E6 /* Debug */,
				1BFD4D281D3CCC3100ABE8E6 /* Release */,
			);
			defaultConfigurationIsVisible = 0;
			defaultConfigurationName = Release;
		};
/* End XCConfigurationList section */
	};
	rootObject = 1BFD4CEB1D3CCC3100ABE8E6 /* Project object */;
}
